
Microsoft Visual Studio Solution File, Format Version 12.00
# Visual Studio Version 17
VisualStudioVersion = 17.5.33516.290
MinimumVisualStudioVersion = 10.0.40219.1
Project("{9A19103F-16F7-4668-BE54-9A1E7A4F7556}") = "API_Example", "API_Example\API_Example.csproj", "{E0BDC59F-AED5-4F86-A081-DB4051F79831}"
EndProject
Global
	GlobalSection(SolutionConfigurationPlatforms) = preSolution
		Debug|Any CPU = Debug|Any CPU
		Release|Any CPU = Release|Any CPU
	EndGlobalSection
	GlobalSection(ProjectConfigurationPlatforms) = postSolution
		{E0BDC59F-AED5-4F86-A081-DB4051F79831}.Debug|Any CPU.ActiveCfg = Debug|Any CPU
		{E0BDC59F-AED5-4F86-A081-DB4051F79831}.Debug|Any CPU.Build.0 = Debug|Any CPU
		{E0BDC59F-AED5-4F86-A081-DB4051F79831}.Release|Any CPU.ActiveCfg = Release|Any CPU
		{E0BDC59F-AED5-4F86-A081-DB4051F79831}.Release|Any CPU.Build.0 = Release|Any CPU
	EndGlobalSection
	GlobalSection(SolutionProperties) = preSolution
		HideSolutionNode = FALSE
	EndGlobalSection
	GlobalSection(ExtensibilityGlobals) = postSolution
		SolutionGuid = {DB6EDC3A-2A21-42B8-B4FF-004CB023CA04}
	EndGlobalSection
EndGlobal
